# THIS IS AN AUTOGENERATED FILE. DO NOT EDIT THIS FILE DIRECTLY.
# yarn lockfile v1


"js-tokens@^3.0.0 || ^4.0.0":
  version "4.0.0"
  resolved "https://registry.yarnpkg.com/js-tokens/-/js-tokens-4.0.0.tgz#19203fb59991df98e3a287050d4647cdeaf32499"
  integrity sha512-RdJUflcE3cUzKiMqQgsCu06FPu9UdIJO0beYbPhHN4k6apgJtifcoCtT9bcxOpYBtpD2kCM6Sbzg4CausW/PKQ==

lodash@^4.17.13, lodash@^4.17.20:
  version "4.17.20"
  resolved "https://registry.yarnpkg.com/lodash/-/lodash-4.17.20.tgz#b44a9b6297bcb698f1c51a3545a2b3b368d59c52"
  integrity sha512-PlhdFcillOINfeV7Ni6oF1TAEayyZBoZ8bcshTHqOYJYlrqzRK5hagpagky5o4HfCzzd1TRkXPMFq6cKk9rGmA==

loose-envify@^1.4.0:
  version "1.4.0"
  resolved "https://registry.yarnpkg.com/loose-envify/-/loose-envify-1.4.0.tgz#71ee51fa7be4caec1a63839f7e682d8132d30caf"
  integrity sha512-lyuxPGr/Wfhrlem2CL/UcnUc1zcqKAImBDzukY7Y5F/yQiNdko6+fRLevlw1HgMySw7f611UIY408EtxRSoK3Q==
  dependencies:
    js-tokens "^3.0.0 || ^4.0.0"

object-assign@^4.1.1:
  version "4.1.1"
  resolved "https://registry.yarnpkg.com/object-assign/-/object-assign-4.1.1.tgz#2109adc7965887cfc05cbbd442cac8bfbb360863"
  integrity sha1-IQmtx5ZYh8/AXLvUQsrIv7s2CGM=

prop-types@^15.5.8, prop-types@^15.6.2, prop-types@^15.7.2:
  version "15.7.2"
  resolved "https://registry.yarnpkg.com/prop-types/-/prop-types-15.7.2.tgz#52c41e75b8c87e72b9d9360e0206b99dcbffa6c5"
  integrity sha512-8QQikdH7//R2vurIJSutZ1smHYTcLpRWEOlHnzcWHmBYrOGUysKwSsrC89BCiFj3CbrfJ/nXFdJepOVrY1GCHQ==
  dependencies:
    loose-envify "^1.4.0"
    object-assign "^4.1.1"
    react-is "^16.8.1"

react-is@^16.8.1:
  version "16.13.1"
  resolved "https://registry.yarnpkg.com/react-is/-/react-is-16.13.1.tgz#789729a4dc36de2999dc156dd6c1d9c18cea56a4"
  integrity sha512-24e6ynE2H+OKt4kqsOvNd8kBpV65zoxbA4BVsEOB3ARVWQki/DHzaUoC5KuON/BiccDaCCTZBuOcfZs70kR8bQ==

react-native-animatable@1.3.3:
  version "1.3.3"
  resolved "https://registry.yarnpkg.com/react-native-animatable/-/react-native-animatable-1.3.3.tgz#a13a4af8258e3bb14d0a9d839917e9bb9274ec8a"
  integrity sha512-2ckIxZQAsvWn25Ho+DK3d1mXIgj7tITkrS4pYDvx96WyOttSvzzFeQnM2od0+FUMzILbdHDsDEqZvnz1DYNQ1w==
  dependencies:
    prop-types "^15.7.2"

react-native-countdown-component@^2.7.1:
  version "2.7.1"
  resolved "https://registry.yarnpkg.com/react-native-countdown-component/-/react-native-countdown-component-2.7.1.tgz#d1e1278d792b0bb6b1bf58972e8a3ad758926a86"
  integrity sha512-H7D/YvMjY1hCJf9xFrNh5CsIwkcel/Suno2gYR6ulWwoa2xnUgmltFWoMyEIODsUy7lIK1KCPm+Zn26QajbRaw==
  dependencies:
    lodash "^4.17.13"
    prop-types "^15.5.8"
    sprintf-js "^1.1.1"

react-native-hr-component@^2.0.3:
  version "2.0.3"
  resolved "https://registry.yarnpkg.com/react-native-hr-component/-/react-native-hr-component-2.0.3.tgz#fcde35502eea4788a35357b7325a771e6fd39dff"
  integrity sha512-cc+CLUm9o+YO09dk9a7Ix4zgA1QGc/xYs0CBsLPe254nkQMojmJQ9aC3muUtU8x0+usvTj35ICQLH6QulTiQgQ==

react-native-modal@^11.5.6:
  version "11.5.6"
  resolved "https://registry.yarnpkg.com/react-native-modal/-/react-native-modal-11.5.6.tgz#bb25a78c35a5e24f45de060e5f64284397d38a87"
  integrity sha512-APGNfbvgC4hXbJqcSADu79GLoMKIHUmgR3fDQ7rCGZNBypkStSP8imZ4PKK/OzIZZfjGU9aP49jhMgGbhY9KHA==
  dependencies:
    prop-types "^15.6.2"
    react-native-animatable "1.3.3"

sprintf-js@^1.1.1:
  version "1.1.2"
  resolved "https://registry.yarnpkg.com/sprintf-js/-/sprintf-js-1.1.2.tgz#da1765262bf8c0f571749f2ad6c26300207ae673"
  integrity sha512-VE0SOVEHCk7Qc8ulkWw3ntAzXuqf7S2lvwQaDLRnUeIEaKNQJzV6BwmLKhOqT61aGhfUMrXeaBk+oDGCzvhcug==
